
Microsoft Visual Studio Solution File, Format Version 12.00
# Visual Studio Version 17
VisualStudioVersion = 17.5.002.0
MinimumVisualStudioVersion = 10.0.40219.1
Project("{9A19103F-16F7-4668-BE54-9A1E7A4F7556}") = "quiz-console-app", "quiz-console-app.csproj", "{B236644E-8C51-4FB7-A812-0B7DA3F4A6E7}"
EndProject
Global
	GlobalSection(SolutionConfigurationPlatforms) = preSolution
		Debug|Any CPU = Debug|Any CPU
		Release|Any CPU = Release|Any CPU
	EndGlobalSection
	GlobalSection(ProjectConfigurationPlatforms) = postSolution
		{B236644E-8C51-4FB7-A812-0B7DA3F4A6E7}.Debug|Any CPU.ActiveCfg = Debug|Any CPU
		{B236644E-8C51-4FB7-A812-0B7DA3F4A6E7}.Debug|Any CPU.Build.0 = Debug|Any CPU
		{B236644E-8C51-4FB7-A812-0B7DA3F4A6E7}.Release|Any CPU.ActiveCfg = Release|Any CPU
		{B236644E-8C51-4FB7-A812-0B7DA3F4A6E7}.Release|Any CPU.Build.0 = Release|Any CPU
	EndGlobalSection
	GlobalSection(SolutionProperties) = preSolution
		HideSolutionNode = FALSE
	EndGlobalSection
	GlobalSection(ExtensibilityGlobals) = postSolution
		SolutionGuid = {FA444FB1-9DB1-48EF-83F6-1E8B97802C2D}
	EndGlobalSection
EndGlobal
